
Microsoft Visual Studio Solution File, Format Version 12.00
# Visual Studio 14
VisualStudioVersion = 14.0.25420.1
MinimumVisualStudioVersion = 10.0.40219.1
Project("{8BC9CEB8-8B4A-11D0-8D11-00A0C91BC942}") = "common", "common.vcxproj", "{A0E5EEED-C7F1-4667-97AD-1CB3119BBD89}"
EndProject
Project("{8BC9CEB8-8B4A-11D0-8D11-00A0C91BC942}") = "libapi", "libapi.vcxproj", "{0BE30665-BB37-48F8-B545-9402906652EE}"
EndProject
Project("{8BC9CEB8-8B4A-11D0-8D11-00A0C91BC942}") = "libbackend", "libbackend.vcxproj", "{285F0148-0865-41A0-9923-2CC685DEB39A}"
EndProject
Project("{8BC9CEB8-8B4A-11D0-8D11-00A0C91BC942}") = "libbrass", "libbrass.vcxproj", "{718A67C8-B003-4989-B124-EDA59DD0F123}"
EndProject
Project("{8BC9CEB8-8B4A-11D0-8D11-00A0C91BC942}") = "libchert", "libchert.vcxproj", "{B00C5140-9A4D-4703-AAEB-E7C9FEE312F7}"
EndProject
Project("{8BC9CEB8-8B4A-11D0-8D11-00A0C91BC942}") = "libexpand", "libexpand.vcxproj", "{78C069B6-DF12-4E93-B63A-911A7BD1B81A}"
EndProject
Project("{8BC9CEB8-8B4A-11D0-8D11-00A0C91BC942}") = "libinmemory", "libinmemory.vcxproj", "{73BDB757-77C2-4A1A-ABA0-03D4A40BE8B2}"
EndProject
Project("{8BC9CEB8-8B4A-11D0-8D11-00A0C91BC942}") = "liblanguages", "liblanguages.vcxproj", "{0EAEBE5B-821B-4F08-BCF4-682341411186}"
EndProject
Project("{8BC9CEB8-8B4A-11D0-8D11-00A0C91BC942}") = "libmatcher", "libmatcher.vcxproj", "{CE314296-0075-4CFA-B947-F99EED456492}"
EndProject
Project("{8BC9CEB8-8B4A-11D0-8D11-00A0C91BC942}") = "libmulti", "libmulti.vcxproj", "{F85A7506-94A9-4F49-B67A-3D396EA76686}"
EndProject
Project("{8BC9CEB8-8B4A-11D0-8D11-00A0C91BC942}") = "libnet", "libnet.vcxproj", "{9E955079-DD46-45F5-B56E-E3FDB638AE46}"
EndProject
Project("{8BC9CEB8-8B4A-11D0-8D11-00A0C91BC942}") = "libqueryparser", "libqueryparser.vcxproj", "{1F5F6D4E-94FC-4C0B-8E48-74DCEDE86B12}"
EndProject
Project("{8BC9CEB8-8B4A-11D0-8D11-00A0C91BC942}") = "libremote", "libremote.vcxproj", "{1E679C1B-F327-4503-A8A7-6F467B89DA84}"
EndProject
Project("{8BC9CEB8-8B4A-11D0-8D11-00A0C91BC942}") = "libunicode", "libunicode.vcxproj", "{078BD8CE-0BA3-48AF-B257-1D7588208E59}"
EndProject
Project("{8BC9CEB8-8B4A-11D0-8D11-00A0C91BC942}") = "libweight", "libweight.vcxproj", "{1C1CFB65-B79D-4A12-86F2-2025469C6505}"
EndProject
Project("{8BC9CEB8-8B4A-11D0-8D11-00A0C91BC942}") = "libflint", "libflint.vcxproj", "{78BAB375-34C9-44B2-B092-86DAC49CB948}"
EndProject
Global
	GlobalSection(SolutionConfigurationPlatforms) = preSolution
		Debug|x64 = Debug|x64
		Debug|x86 = Debug|x86
		Release|x64 = Release|x64
		Release|x86 = Release|x86
	EndGlobalSection
	GlobalSection(ProjectConfigurationPlatforms) = postSolution
		{A0E5EEED-C7F1-4667-97AD-1CB3119BBD89}.Debug|x64.ActiveCfg = Debug|x64
		{A0E5EEED-C7F1-4667-97AD-1CB3119BBD89}.Debug|x64.Build.0 = Debug|x64
		{A0E5EEED-C7F1-4667-97AD-1CB3119BBD89}.Debug|x86.ActiveCfg = Debug|Win32
		{A0E5EEED-C7F1-4667-97AD-1CB3119BBD89}.Debug|x86.Build.0 = Debug|Win32
		{A0E5EEED-C7F1-4667-97AD-1CB3119BBD89}.Release|x64.ActiveCfg = Release|x64
		{A0E5EEED-C7F1-4667-97AD-1CB3119BBD89}.Release|x64.Build.0 = Release|x64
		{A0E5EEED-C7F1-4667-97AD-1CB3119BBD89}.Release|x86.ActiveCfg = Release|Win32
		{A0E5EEED-C7F1-4667-97AD-1CB3119BBD89}.Release|x86.Build.0 = Release|Win32
		{0BE30665-BB37-48F8-B545-9402906652EE}.Debug|x64.ActiveCfg = Debug|x64
		{0BE30665-BB37-48F8-B545-9402906652EE}.Debug|x64.Build.0 = Debug|x64
		{0BE30665-BB37-48F8-B545-9402906652EE}.Debug|x86.ActiveCfg = Debug|Win32
		{0BE30665-BB37-48F8-B545-9402906652EE}.Debug|x86.Build.0 = Debug|Win32
		{0BE30665-BB37-48F8-B545-9402906652EE}.Release|x64.ActiveCfg = Release|x64
		{0BE30665-BB37-48F8-B545-9402906652EE}.Release|x64.Build.0 = Release|x64
		{0BE30665-BB37-48F8-B545-9402906652EE}.Release|x86.ActiveCfg = Release|Win32
		{0BE30665-BB37-48F8-B545-9402906652EE}.Release|x86.Build.0 = Release|Win32
		{285F0148-0865-41A0-9923-2CC685DEB39A}.Debug|x64.ActiveCfg = Debug|x64
		{285F0148-0865-41A0-9923-2CC685DEB39A}.Debug|x64.Build.0 = Debug|x64
		{285F0148-0865-41A0-9923-2CC685DEB39A}.Debug|x86.ActiveCfg = Debug|Win32
		{285F0148-0865-41A0-9923-2CC685DEB39A}.Debug|x86.Build.0 = Debug|Win32
		{285F0148-0865-41A0-9923-2CC685DEB39A}.Release|x64.ActiveCfg = Release|x64
		{285F0148-0865-41A0-9923-2CC685DEB39A}.Release|x64.Build.0 = Release|x64
		{285F0148-0865-41A0-9923-2CC685DEB39A}.Release|x86.ActiveCfg = Release|Win32
		{285F0148-0865-41A0-9923-2CC685DEB39A}.Release|x86.Build.0 = Release|Win32
		{718A67C8-B003-4989-B124-EDA59DD0F123}.Debug|x64.ActiveCfg = Debug|x64
		{718A67C8-B003-4989-B124-EDA59DD0F123}.Debug|x64.Build.0 = Debug|x64
		{718A67C8-B003-4989-B124-EDA59DD0F123}.Debug|x86.ActiveCfg = Debug|Win32
		{718A67C8-B003-4989-B124-EDA59DD0F123}.Debug|x86.Build.0 = Debug|Win32
		{718A67C8-B003-4989-B124-EDA59DD0F123}.Release|x64.ActiveCfg = Release|x64
		{718A67C8-B003-4989-B124-EDA59DD0F123}.Release|x64.Build.0 = Release|x64
		{718A67C8-B003-4989-B124-EDA59DD0F123}.Release|x86.ActiveCfg = Release|Win32
		{718A67C8-B003-4989-B124-EDA59DD0F123}.Release|x86.Build.0 = Release|Win32
		{B00C5140-9A4D-4703-AAEB-E7C9FEE312F7}.Debug|x64.ActiveCfg = Debug|x64
		{B00C5140-9A4D-4703-AAEB-E7C9FEE312F7}.Debug|x64.Build.0 = Debug|x64
		{B00C5140-9A4D-4703-AAEB-E7C9FEE312F7}.Debug|x86.ActiveCfg = Debug|Win32
		{B00C5140-9A4D-4703-AAEB-E7C9FEE312F7}.Debug|x86.Build.0 = Debug|Win32
		{B00C5140-9A4D-4703-AAEB-E7C9FEE312F7}.Release|x64.ActiveCfg = Release|x64
		{B00C5140-9A4D-4703-AAEB-E7C9FEE312F7}.Release|x64.Build.0 = Release|x64
		{B00C5140-9A4D-4703-AAEB-E7C9FEE312F7}.Release|x86.ActiveCfg = Release|Win32
		{B00C5140-9A4D-4703-AAEB-E7C9FEE312F7}.Release|x86.Build.0 = Release|Win32
		{78C069B6-DF12-4E93-B63A-911A7BD1B81A}.Debug|x64.ActiveCfg = Debug|x64
		{78C069B6-DF12-4E93-B63A-911A7BD1B81A}.Debug|x64.Build.0 = Debug|x64
		{78C069B6-DF12-4E93-B63A-911A7BD1B81A}.Debug|x86.ActiveCfg = Debug|Win32
		{78C069B6-DF12-4E93-B63A-911A7BD1B81A}.Debug|x86.Build.0 = Debug|Win32
		{78C069B6-DF12-4E93-B63A-911A7BD1B81A}.Release|x64.ActiveCfg = Release|x64
		{78C069B6-DF12-4E93-B63A-911A7BD1B81A}.Release|x64.Build.0 = Release|x64
		{78C069B6-DF12-4E93-B63A-911A7BD1B81A}.Release|x86.ActiveCfg = Release|Win32
		{78C069B6-DF12-4E93-B63A-911A7BD1B81A}.Release|x86.Build.0 = Release|Win32
		{73BDB757-77C2-4A1A-ABA0-03D4A40BE8B2}.Debug|x64.ActiveCfg = Debug|x64
		{73BDB757-77C2-4A1A-ABA0-03D4A40BE8B2}.Debug|x64.Build.0 = Debug|x64
		{73BDB757-77C2-4A1A-ABA0-03D4A40BE8B2}.Debug|x86.ActiveCfg = Debug|Win32
		{73BDB757-77C2-4A1A-ABA0-03D4A40BE8B2}.Debug|x86.Build.0 = Debug|Win32
		{73BDB757-77C2-4A1A-ABA0-03D4A40BE8B2}.Release|x64.ActiveCfg = Release|x64
		{73BDB757-77C2-4A1A-ABA0-03D4A40BE8B2}.Release|x64.Build.0 = Release|x64
		{73BDB757-77C2-4A1A-ABA0-03D4A40BE8B2}.Release|x86.ActiveCfg = Release|Win32
		{73BDB757-77C2-4A1A-ABA0-03D4A40BE8B2}.Release|x86.Build.0 = Release|Win32
		{0EAEBE5B-821B-4F08-BCF4-682341411186}.Debug|x64.ActiveCfg = Debug|x64
		{0EAEBE5B-821B-4F08-BCF4-682341411186}.Debug|x64.Build.0 = Debug|x64
		{0EAEBE5B-821B-4F08-BCF4-682341411186}.Debug|x86.ActiveCfg = Debug|Win32
		{0EAEBE5B-821B-4F08-BCF4-682341411186}.Debug|x86.Build.0 = Debug|Win32
		{0EAEBE5B-821B-4F08-BCF4-682341411186}.Release|x64.ActiveCfg = Release|x64
		{0EAEBE5B-821B-4F08-BCF4-682341411186}.Release|x64.Build.0 = Release|x64
		{0EAEBE5B-821B-4F08-BCF4-682341411186}.Release|x86.ActiveCfg = Release|Win32
		{0EAEBE5B-821B-4F08-BCF4-682341411186}.Release|x86.Build.0 = Release|Win32
		{CE314296-0075-4CFA-B947-F99EED456492}.Debug|x64.ActiveCfg = Debug|x64
		{CE314296-0075-4CFA-B947-F99EED456492}.Debug|x64.Build.0 = Debug|x64
		{CE314296-0075-4CFA-B947-F99EED456492}.Debug|x86.ActiveCfg = Debug|Win32
		{CE314296-0075-4CFA-B947-F99EED456492}.Debug|x86.Build.0 = Debug|Win32
		{CE314296-0075-4CFA-B947-F99EED456492}.Release|x64.ActiveCfg = Release|x64
		{CE314296-0075-4CFA-B947-F99EED456492}.Release|x64.Build.0 = Release|x64
		{CE314296-0075-4CFA-B947-F99EED456492}.Release|x86.ActiveCfg = Release|Win32
		{CE314296-0075-4CFA-B947-F99EED456492}.Release|x86.Build.0 = Release|Win32
		{F85A7506-94A9-4F49-B67A-3D396EA76686}.Debug|x64.ActiveCfg = Debug|x64
		{F85A7506-94A9-4F49-B67A-3D396EA76686}.Debug|x64.Build.0 = Debug|x64
		{F85A7506-94A9-4F49-B67A-3D396EA76686}.Debug|x86.ActiveCfg = Debug|Win32
		{F85A7506-94A9-4F49-B67A-3D396EA76686}.Debug|x86.Build.0 = Debug|Win32
		{F85A7506-94A9-4F49-B67A-3D396EA76686}.Release|x64.ActiveCfg = Release|x64
		{F85A7506-94A9-4F49-B67A-3D396EA76686}.Release|x64.Build.0 = Release|x64
		{F85A7506-94A9-4F49-B67A-3D396EA76686}.Release|x86.ActiveCfg = Release|Win32
		{F85A7506-94A9-4F49-B67A-3D396EA76686}.Release|x86.Build.0 = Release|Win32
		{9E955079-DD46-45F5-B56E-E3FDB638AE46}.Debug|x64.ActiveCfg = Debug|x64
		{9E955079-DD46-45F5-B56E-E3FDB638AE46}.Debug|x64.Build.0 = Debug|x64
		{9E955079-DD46-45F5-B56E-E3FDB638AE46}.Debug|x86.ActiveCfg = Debug|Win32
		{9E955079-DD46-45F5-B56E-E3FDB638AE46}.Debug|x86.Build.0 = Debug|Win32
		{9E955079-DD46-45F5-B56E-E3FDB638AE46}.Release|x64.ActiveCfg = Release|x64
		{9E955079-DD46-45F5-B56E-E3FDB638AE46}.Release|x64.Build.0 = Release|x64
		{9E955079-DD46-45F5-B56E-E3FDB638AE46}.Release|x86.ActiveCfg = Release|Win32
		{9E955079-DD46-45F5-B56E-E3FDB638AE46}.Release|x86.Build.0 = Release|Win32
		{1F5F6D4E-94FC-4C0B-8E48-74DCEDE86B12}.Debug|x64.ActiveCfg = Debug|x64
		{1F5F6D4E-94FC-4C0B-8E48-74DCEDE86B12}.Debug|x64.Build.0 = Debug|x64
		{1F5F6D4E-94FC-4C0B-8E48-74DCEDE86B12}.Debug|x86.ActiveCfg = Debug|Win32
		{1F5F6D4E-94FC-4C0B-8E48-74DCEDE86B12}.Debug|x86.Build.0 = Debug|Win32
		{1F5F6D4E-94FC-4C0B-8E48-74DCEDE86B12}.Release|x64.ActiveCfg = Release|x64
		{1F5F6D4E-94FC-4C0B-8E48-74DCEDE86B12}.Release|x64.Build.0 = Release|x64
		{1F5F6D4E-94FC-4C0B-8E48-74DCEDE86B12}.Release|x86.ActiveCfg = Release|Win32
		{1F5F6D4E-94FC-4C0B-8E48-74DCEDE86B12}.Release|x86.Build.0 = Release|Win32
		{1E679C1B-F327-4503-A8A7-6F467B89DA84}.Debug|x64.ActiveCfg = Debug|x64
		{1E679C1B-F327-4503-A8A7-6F467B89DA84}.Debug|x64.Build.0 = Debug|x64
		{1E679C1B-F327-4503-A8A7-6F467B89DA84}.Debug|x86.ActiveCfg = Debug|Win32
		{1E679C1B-F327-4503-A8A7-6F467B89DA84}.Debug|x86.Build.0 = Debug|Win32
		{1E679C1B-F327-4503-A8A7-6F467B89DA84}.Release|x64.ActiveCfg = Release|x64
		{1E679C1B-F327-4503-A8A7-6F467B89DA84}.Release|x64.Build.0 = Release|x64
		{1E679C1B-F327-4503-A8A7-6F467B89DA84}.Release|x86.ActiveCfg = Release|Win32
		{1E679C1B-F327-4503-A8A7-6F467B89DA84}.Release|x86.Build.0 = Release|Win32
		{078BD8CE-0BA3-48AF-B257-1D7588208E59}.Debug|x64.ActiveCfg = Debug|x64
		{078BD8CE-0BA3-48AF-B257-1D7588208E59}.Debug|x64.Build.0 = Debug|x64
		{078BD8CE-0BA3-48AF-B257-1D7588208E59}.Debug|x86.ActiveCfg = Debug|Win32
		{078BD8CE-0BA3-48AF-B257-1D7588208E59}.Debug|x86.Build.0 = Debug|Win32
		{078BD8CE-0BA3-48AF-B257-1D7588208E59}.Release|x64.ActiveCfg = Release|x64
		{078BD8CE-0BA3-48AF-B257-1D7588208E59}.Release|x64.Build.0 = Release|x64
		{078BD8CE-0BA3-48AF-B257-1D7588208E59}.Release|x86.ActiveCfg = Release|Win32
		{078BD8CE-0BA3-48AF-B257-1D7588208E59}.Release|x86.Build.0 = Release|Win32
		{1C1CFB65-B79D-4A12-86F2-2025469C6505}.Debug|x64.ActiveCfg = Debug|x64
		{1C1CFB65-B79D-4A12-86F2-2025469C6505}.Debug|x64.Build.0 = Debug|x64
		{1C1CFB65-B79D-4A12-86F2-2025469C6505}.Debug|x86.ActiveCfg = Debug|Win32
		{1C1CFB65-B79D-4A12-86F2-2025469C6505}.Debug|x86.Build.0 = Debug|Win32
		{1C1CFB65-B79D-4A12-86F2-2025469C6505}.Release|x64.ActiveCfg = Release|x64
		{1C1CFB65-B79D-4A12-86F2-2025469C6505}.Release|x64.Build.0 = Release|x64
		{1C1CFB65-B79D-4A12-86F2-2025469C6505}.Release|x86.ActiveCfg = Release|Win32
		{1C1CFB65-B79D-4A12-86F2-2025469C6505}.Release|x86.Build.0 = Release|Win32
		{78BAB375-34C9-44B2-B092-86DAC49CB948}.Debug|x64.ActiveCfg = Debug|x64
		{78BAB375-34C9-44B2-B092-86DAC49CB948}.Debug|x64.Build.0 = Debug|x64
		{78BAB375-34C9-44B2-B092-86DAC49CB948}.Debug|x86.ActiveCfg = Debug|Win32
		{78BAB375-34C9-44B2-B092-86DAC49CB948}.Debug|x86.Build.0 = Debug|Win32
		{78BAB375-34C9-44B2-B092-86DAC49CB948}.Release|x64.ActiveCfg = Release|x64
		{78BAB375-34C9-44B2-B092-86DAC49CB948}.Release|x64.Build.0 = Release|x64
		{78BAB375-34C9-44B2-B092-86DAC49CB948}.Release|x86.ActiveCfg = Release|Win32
		{78BAB375-34C9-44B2-B092-86DAC49CB948}.Release|x86.Build.0 = Release|Win32
	EndGlobalSection
	GlobalSection(SolutionProperties) = preSolution
		HideSolutionNode = FALSE
	EndGlobalSection
EndGlobal
